
Microsoft Visual Studio Solution File, Format Version 12.00
# Visual Studio 15
VisualStudioVersion = 15.0.27004.2010
MinimumVisualStudioVersion = 10.0.40219.1
Project("{9A19103F-16F7-4668-BE54-9A1E7A4F7556}") = "AspNetCoreMultiProject", "AspNetCoreMultiProject\AspNetCoreMultiProject.csproj", "{F1F71553-DD7E-4E52-8F15-874E6931ECE5}"
EndProject
Project("{FAE04EC0-301F-11D3-BF4B-00C04F79EFBC}") = "AspNetCoreMultiProjectTests", "AspNetCoreMultiProjectTests\AspNetCoreMultiProjectTests.csproj", "{AE920F30-C2F9-4716-936F-06E0DDAFDBFE}"
EndProject
Global
	GlobalSection(SolutionConfigurationPlatforms) = preSolution
		Debug|Any CPU = Debug|Any CPU
		Release|Any CPU = Release|Any CPU
	EndGlobalSection
	GlobalSection(ProjectConfigurationPlatforms) = postSolution
		{F1F71553-DD7E-4E52-8F15-874E6931ECE5}.Debug|Any CPU.ActiveCfg = Debug|Any CPU
		{F1F71553-DD7E-4E52-8F15-874E6931ECE5}.Debug|Any CPU.Build.0 = Debug|Any CPU
		{F1F71553-DD7E-4E52-8F15-874E6931ECE5}.Release|Any CPU.ActiveCfg = Release|Any CPU
		{F1F71553-DD7E-4E52-8F15-874E6931ECE5}.Release|Any CPU.Build.0 = Release|Any CPU
		{AE920F30-C2F9-4716-936F-06E0DDAFDBFE}.Debug|Any CPU.ActiveCfg = Debug|Any CPU
		{AE920F30-C2F9-4716-936F-06E0DDAFDBFE}.Debug|Any CPU.Build.0 = Debug|Any CPU
		{AE920F30-C2F9-4716-936F-06E0DDAFDBFE}.Release|Any CPU.ActiveCfg = Release|Any CPU
		{AE920F30-C2F9-4716-936F-06E0DDAFDBFE}.Release|Any CPU.Build.0 = Release|Any CPU
	EndGlobalSection
	GlobalSection(SolutionProperties) = preSolution
		HideSolutionNode = FALSE
	EndGlobalSection
	GlobalSection(ExtensibilityGlobals) = postSolution
		SolutionGuid = {14676C61-452C-4C86-BE66-7A9A2BB92969}
	EndGlobalSection
EndGlobal
