
Microsoft Visual Studio Solution File, Format Version 12.00
# Visual Studio 15
VisualStudioVersion = 15.0.26430.6
MinimumVisualStudioVersion = 10.0.40219.1
Project("{9A19103F-16F7-4668-BE54-9A1E7A4F7556}") = "DeveloperBlog", "DeveloperBlog\DeveloperBlog.csproj", "{C049A6AC-6117-49C8-B94F-F79C625C5FEA}"
EndProject
Project("{FAE04EC0-301F-11D3-BF4B-00C04F79EFBC}") = "DeveloperBlogTests", "DeveloperBlogTests\DeveloperBlogTests.csproj", "{EC940853-A8F3-4158-B79F-E999DDE89B00}"
EndProject
Global
	GlobalSection(SolutionConfigurationPlatforms) = preSolution
		Debug|Any CPU = Debug|Any CPU
		Release|Any CPU = Release|Any CPU
	EndGlobalSection
	GlobalSection(ProjectConfigurationPlatforms) = postSolution
		{C049A6AC-6117-49C8-B94F-F79C625C5FEA}.Debug|Any CPU.ActiveCfg = Debug|Any CPU
		{C049A6AC-6117-49C8-B94F-F79C625C5FEA}.Debug|Any CPU.Build.0 = Debug|Any CPU
		{C049A6AC-6117-49C8-B94F-F79C625C5FEA}.Release|Any CPU.ActiveCfg = Release|Any CPU
		{C049A6AC-6117-49C8-B94F-F79C625C5FEA}.Release|Any CPU.Build.0 = Release|Any CPU
		{EC940853-A8F3-4158-B79F-E999DDE89B00}.Debug|Any CPU.ActiveCfg = Debug|Any CPU
		{EC940853-A8F3-4158-B79F-E999DDE89B00}.Debug|Any CPU.Build.0 = Debug|Any CPU
		{EC940853-A8F3-4158-B79F-E999DDE89B00}.Release|Any CPU.ActiveCfg = Release|Any CPU
		{EC940853-A8F3-4158-B79F-E999DDE89B00}.Release|Any CPU.Build.0 = Release|Any CPU
	EndGlobalSection
	GlobalSection(SolutionProperties) = preSolution
		HideSolutionNode = FALSE
	EndGlobalSection
EndGlobal
